dependencies:
- name: tj-common
  repository: file://../../tj-common
  version: 0.1.0
- name: zipkin
  repository: file://../../tj-services/zipkin
  version: 0.1.0
- name: configserver
  repository: file://../../tj-services/configserver
  version: 0.1.0
- name: eurekaserver
  repository: file://../../tj-services/eurekaserver
  version: 0.1.0
- name: accounts
  repository: file://../../tj-services/accounts
  version: 0.1.0
- name: cards
  repository: file://../../tj-services/cards
  version: 0.1.0
- name: loans
  repository: file://../../tj-services/loans
  version: 0.1.0
- name: gatewayserver
  repository: file://../../tj-services/gatewayserver
  version: 0.1.0
digest: sha256:4e8a26afc482163fd566d78c8fb7dd1f5b40e0131947704a7f0a595ac8f55193
generated: "2023-01-07T12:10:39.26508-08:00"
